{
  "name": "newproject",
  "version": "1.0.0",
  "lockfileVersion": 3,
  "requires": true,
  "packages": {
    "": {
      "name": "newproject",
      "version": "1.0.0",
      "license": "ISC",
      "dependencies": {
        "grd_bronislav": "^1.0.0"
      }
    },
    "node_modules/grd_bronislav": {
      "version": "1.0.0",
      "resolved": "https://registry.npmjs.org/grd_bronislav/-/grd_bronislav-1.0.0.tgz",
      "integrity": "sha512-gpNE4XAdZofjRrL4U3yGhCQYBObf/UWvIX4tzPfFbHGgK6pfJneXA4/1OEcEVki4mQ7bFsBCOS5LJP54VH/Wbg==",
      "license": "ISC"
    }
  }
}
